# This file is generated by running "yarn install" inside your project.
# Manual changes might be lost - proceed with caution!

__metadata:
  version: 8
  cacheKey: 10c0

"@solidity-parser/parser@npm:^0.17.0":
  version: 0.17.0
  resolution: "@solidity-parser/parser@npm:0.17.0"
  checksum: 10c0/de606abd2f603b8056828c772de3f26b0d92913d0e8ebe4f2c149485f548e1b7af308c54c569542b3fc8e03d3219a9fb0a318f56b92b3042074c8074c1da53f2
  languageName: node
  linkType: hard

"dex@workspace:.":
  version: 0.0.0-use.local
  resolution: "dex@workspace:."
  dependencies:
    dotenv: "npm:16.4.5"
    prettier: "npm:3.2.5"
    prettier-plugin-solidity: "npm:1.3.1"
  languageName: unknown
  linkType: soft

"dotenv@npm:16.4.5":
  version: 16.4.5
  resolution: "dotenv@npm:16.4.5"
  checksum: 10c0/48d92870076832af0418b13acd6e5a5a3e83bb00df690d9812e94b24aff62b88ade955ac99a05501305b8dc8f1b0ee7638b18493deb6fe93d680e5220936292f
  languageName: node
  linkType: hard

"lru-cache@npm:^6.0.0":
  version: 6.0.0
  resolution: "lru-cache@npm:6.0.0"
  dependencies:
    yallist: "npm:^4.0.0"
  checksum: 10c0/cb53e582785c48187d7a188d3379c181b5ca2a9c78d2bce3e7dee36f32761d1c42983da3fe12b55cb74e1779fa94cdc2e5367c028a9b35317184ede0c07a30a9
  languageName: node
  linkType: hard

"prettier-plugin-solidity@npm:1.3.1":
  version: 1.3.1
  resolution: "prettier-plugin-solidity@npm:1.3.1"
  dependencies:
    "@solidity-parser/parser": "npm:^0.17.0"
    semver: "npm:^7.5.4"
    solidity-comments-extractor: "npm:^0.0.8"
  peerDependencies:
    prettier: ">=2.3.0"
  checksum: 10c0/6c83bec93a12a172aeae360bca571ffba5659a679d24d9a4905c4cae9f237a2a3c544a78f5efb7f2cd086733e114ed9e031d448799ca7b9f574e8fc07b94323a
  languageName: node
  linkType: hard

"prettier@npm:3.2.5":
  version: 3.2.5
  resolution: "prettier@npm:3.2.5"
  bin:
    prettier: bin/prettier.cjs
  checksum: 10c0/ea327f37a7d46f2324a34ad35292af2ad4c4c3c3355da07313339d7e554320f66f65f91e856add8530157a733c6c4a897dc41b577056be5c24c40f739f5ee8c6
  languageName: node
  linkType: hard

"semver@npm:^7.5.4":
  version: 7.6.0
  resolution: "semver@npm:7.6.0"
  dependencies:
    lru-cache: "npm:^6.0.0"
  bin:
    semver: bin/semver.js
  checksum: 10c0/fbfe717094ace0aa8d6332d7ef5ce727259815bd8d8815700853f4faf23aacbd7192522f0dc5af6df52ef4fa85a355ebd2f5d39f554bd028200d6cf481ab9b53
  languageName: node
  linkType: hard

"solidity-comments-extractor@npm:^0.0.8":
  version: 0.0.8
  resolution: "solidity-comments-extractor@npm:0.0.8"
  checksum: 10c0/86e56bdfc90b3af3a5e244a2b5e215db78b12b6045d68699ecb2304326edb906c1b083c0e1a074cde77e9e8cdeb978ae5ef8666d821bef83db89c2708a8b6192
  languageName: node
  linkType: hard

"yallist@npm:^4.0.0":
  version: 4.0.0
  resolution: "yallist@npm:4.0.0"
  checksum: 10c0/2286b5e8dbfe22204ab66e2ef5cc9bbb1e55dfc873bbe0d568aa943eb255d131890dfd5bf243637273d31119b870f49c18fcde2c6ffbb7a7a092b870dc90625a
  languageName: node
  linkType: hard
